
Microsoft Visual Studio Solution File, Format Version 12.00
# Visual Studio Version 16
VisualStudioVersion = 16.0.29806.167
MinimumVisualStudioVersion = 10.0.40219.1
Project("{FAE04EC0-301F-11D3-BF4B-00C04F79EFBC}") = "IsracardServer", "IsracardServer\IsracardServer.csproj", "{D8828732-C7CE-4636-8632-948721E50A8F}"
EndProject
Global
	GlobalSection(SolutionConfigurationPlatforms) = preSolution
		Debug|Any CPU = Debug|Any CPU
		Release|Any CPU = Release|Any CPU
	EndGlobalSection
	GlobalSection(ProjectConfigurationPlatforms) = postSolution
		{D8828732-C7CE-4636-8632-948721E50A8F}.Debug|Any CPU.ActiveCfg = Debug|Any CPU
		{D8828732-C7CE-4636-8632-948721E50A8F}.Debug|Any CPU.Build.0 = Debug|Any CPU
		{D8828732-C7CE-4636-8632-948721E50A8F}.Release|Any CPU.ActiveCfg = Release|Any CPU
		{D8828732-C7CE-4636-8632-948721E50A8F}.Release|Any CPU.Build.0 = Release|Any CPU
	EndGlobalSection
	GlobalSection(SolutionProperties) = preSolution
		HideSolutionNode = FALSE
	EndGlobalSection
	GlobalSection(ExtensibilityGlobals) = postSolution
		SolutionGuid = {A851E93D-0781-476E-B570-7E731C3B6ED8}
	EndGlobalSection
EndGlobal
